
Microsoft Visual Studio Solution File, Format Version 11.00
# Visual Studio 2010
Project("{FAE04EC0-301F-11D3-BF4B-00C04F79EFBC}") = "UnityEngine.UI", "UnityEngine.UI.csproj", "{592708ea-5657-d0ce-3ee4-af3f01d09d79}"
EndProject
Project("{FAE04EC0-301F-11D3-BF4B-00C04F79EFBC}") = "Assembly-CSharp", "Assembly-CSharp.csproj", "{5f75ad12-38e7-7efa-1c34-c5745a6d1c71}"
EndProject
Project("{FAE04EC0-301F-11D3-BF4B-00C04F79EFBC}") = "UnityEditor.UI", "UnityEditor.UI.csproj", "{5374bb93-7f47-6cfd-272c-24e1f7ed2a5e}"
EndProject
Project("{FAE04EC0-301F-11D3-BF4B-00C04F79EFBC}") = "Assembly-CSharp-Editor", "Assembly-CSharp-Editor.csproj", "{2ca375f8-d64c-9034-e13e-2cfa1fa0067f}"
EndProject
Global
	GlobalSection(SolutionConfigurationPlatforms) = preSolution
		Debug|Any CPU = Debug|Any CPU
	EndGlobalSection
	GlobalSection(ProjectConfigurationPlatforms) = postSolution
		{592708ea-5657-d0ce-3ee4-af3f01d09d79}.Debug|Any CPU.ActiveCfg = Debug|Any CPU
		{592708ea-5657-d0ce-3ee4-af3f01d09d79}.Debug|Any CPU.Build.0 = Debug|Any CPU
		{5f75ad12-38e7-7efa-1c34-c5745a6d1c71}.Debug|Any CPU.ActiveCfg = Debug|Any CPU
		{5f75ad12-38e7-7efa-1c34-c5745a6d1c71}.Debug|Any CPU.Build.0 = Debug|Any CPU
		{5374bb93-7f47-6cfd-272c-24e1f7ed2a5e}.Debug|Any CPU.ActiveCfg = Debug|Any CPU
		{5374bb93-7f47-6cfd-272c-24e1f7ed2a5e}.Debug|Any CPU.Build.0 = Debug|Any CPU
		{2ca375f8-d64c-9034-e13e-2cfa1fa0067f}.Debug|Any CPU.ActiveCfg = Debug|Any CPU
		{2ca375f8-d64c-9034-e13e-2cfa1fa0067f}.Debug|Any CPU.Build.0 = Debug|Any CPU
	EndGlobalSection
	GlobalSection(SolutionProperties) = preSolution
		HideSolutionNode = FALSE
	EndGlobalSection
EndGlobal
